// !$*UTF8*$!
{
	archiveVersion = 1;
	classes = {
	};
	objectVersion = 46;
	objects = {

/* Begin PBXBuildFile section */
		00ED635F19E65178007CBC01 /* AppDelegate.swift in Sources */ = {isa = PBXBuildFile; fileRef = 00ED635E19E65178007CBC01 /* AppDelegate.swift */; };
		00ED636119E65178007CBC01 /* ViewController.swift in Sources */ = {isa = PBXBuildFile; fileRef = 00ED636019E65178007CBC01 /* ViewController.swift */; };
		00ED636419E65178007CBC01 /* Main.storyboard in Resources */ = {isa = PBXBuildFile; fileRef = 00ED636219E65178007CBC01 /* Main.storyboard */; };
		00ED636619E65178007CBC01 /* Images.xcassets in Resources */ = {isa = PBXBuildFile; fileRef = 00ED636519E65178007CBC01 /* Images.xcassets */; };
		00ED636919E65178007CBC01 /* LaunchScreen.xib in Resources */ = {isa = PBXBuildFile; fileRef = 00ED636719E65178007CBC01 /* LaunchScreen.xib */; };
		00ED637519E65178007CBC01 /* LionsAndTigersTests.swift in Sources */ = {isa = PBXBuildFile; fileRef = 00ED637419E65178007CBC01 /* LionsAndTigersTests.swift */; };
		00ED637F19E653A8007CBC01 /* Tiger.swift in Sources */ = {isa = PBXBuildFile; fileRef = 00ED637E19E653A8007CBC01 /* Tiger.swift */; };
		00ED638919E6554D007CBC01 /* BengalTiger.jpg in Resources */ = {isa = PBXBuildFile; fileRef = 00ED638119E6554D007CBC01 /* BengalTiger.jpg */; };
		00ED638A19E6554D007CBC01 /* IndochineseTiger.jpg in Resources */ = {isa = PBXBuildFile; fileRef = 00ED638219E6554D007CBC01 /* IndochineseTiger.jpg */; };
		00ED638B19E6554D007CBC01 /* Lion.jpg in Resources */ = {isa = PBXBuildFile; fileRef = 00ED638319E6554D007CBC01 /* Lion.jpg */; };
		00ED638C19E6554D007CBC01 /* LionCub1.jpg in Resources */ = {isa = PBXBuildFile; fileRef = 00ED638419E6554D007CBC01 /* LionCub1.jpg */; };
		00ED638D19E6554D007CBC01 /* LionCub2.jpeg in Resources */ = {isa = PBXBuildFile; fileRef = 00ED638519E6554D007CBC01 /* LionCub2.jpeg */; };
		00ED638E19E6554D007CBC01 /* Lioness.jpeg in Resources */ = {isa = PBXBuildFile; fileRef = 00ED638619E6554D007CBC01 /* Lioness.jpeg */; };
		00ED638F19E6554D007CBC01 /* MalayanTiger.jpg in Resources */ = {isa = PBXBuildFile; fileRef = 00ED638719E6554D007CBC01 /* MalayanTiger.jpg */; };
		00ED639019E6554D007CBC01 /* SiberianTiger.jpg in Resources */ = {isa = PBXBuildFile; fileRef = 00ED638819E6554D007CBC01 /* SiberianTiger.jpg */; };
/* End PBXBuildFile section */

/* Begin PBXContainerItemProxy section */
		00ED636F19E65178007CBC01 /* PBXContainerItemProxy */ = {
			isa = PBXContainerItemProxy;
			containerPortal = 00ED635119E65178007CBC01 /* Project object */;
			proxyType = 1;
			remoteGlobalIDString = 00ED635819E65178007CBC01;
			remoteInfo = LionsAndTigers;
		};
/* End PBXContainerItemProxy section */

/* Begin PBXFileReference section */
		00ED635919E65178007CBC01 /* LionsAndTigers.app */ = {isa = PBXFileReference; explicitFileType = wrapper.application; includeInIndex = 0; path = LionsAndTigers.app; sourceTree = BUILT_PRODUCTS_DIR; };
		00ED635D19E65178007CBC01 /* Info.plist */ = {isa = PBXFileReference; lastKnownFileType = text.plist.xml; path = Info.plist; sourceTree = "<group>"; };
		00ED635E19E65178007CBC01 /* AppDelegate.swift */ = {isa = PBXFileReference; lastKnownFileType = sourcecode.swift; path = AppDelegate.swift; sourceTree = "<group>"; };
		00ED636019E65178007CBC01 /* ViewController.swift */ = {isa = PBXFileReference; lastKnownFileType = sourcecode.swift; path = ViewController.swift; sourceTree = "<group>"; };
		00ED636319E65178007CBC01 /* Base */ = {isa = PBXFileReference; lastKnownFileType = file.storyboard; name = Base; path = Base.lproj/Main.storyboard; sourceTree = "<group>"; };
		00ED636519E65178007CBC01 /* Images.xcassets */ = {isa = PBXFileReference; lastKnownFileType = folder.assetcatalog; path = Images.xcassets; sourceTree = "<group>"; };
		00ED636819E65178007CBC01 /* Base */ = {isa = PBXFileReference; lastKnownFileType = file.xib; name = Base; path = Base.lproj/LaunchScreen.xib; sourceTree = "<group>"; };
		00ED636E19E65178007CBC01 /* LionsAndTigersTests.xctest */ = {isa = PBXFileReference; explicitFileType = wrapper.cfbundle; includeInIndex = 0; path = LionsAndTigersTests.xctest; sourceTree = BUILT_PRODUCTS_DIR; };
		00ED637319E65178007CBC01 /* Info.plist */ = {isa = PBXFileReference; lastKnownFileType = text.plist.xml; path = Info.plist; sourceTree = "<group>"; };
		00ED637419E65178007CBC01 /* LionsAndTigersTests.swift */ = {isa = PBXFileReference; lastKnownFileType = sourcecode.swift; path = LionsAndTigersTests.swift; sourceTree = "<group>"; };
		00ED637E19E653A8007CBC01 /* Tiger.swift */ = {isa = PBXFileReference; fileEncoding = 4; lastKnownFileType = sourcecode.swift; path = Tiger.swift; sourceTree = "<group>"; };
		00ED638119E6554D007CBC01 /* BengalTiger.jpg */ = {isa = PBXFileReference; lastKnownFileType = image.jpeg; path = BengalTiger.jpg; sourceTree = "<group>"; };
		00ED638219E6554D007CBC01 /* IndochineseTiger.jpg */ = {isa = PBXFileReference; lastKnownFileType = image.jpeg; path = IndochineseTiger.jpg; sourceTree = "<group>"; };
		00ED638319E6554D007CBC01 /* Lion.jpg */ = {isa = PBXFileReference; lastKnownFileType = image.jpeg; path = Lion.jpg; sourceTree = "<group>"; };
		00ED638419E6554D007CBC01 /* LionCub1.jpg */ = {isa = PBXFileReference; lastKnownFileType = image.jpeg; path = LionCub1.jpg; sourceTree = "<group>"; };
		00ED638519E6554D007CBC01 /* LionCub2.jpeg */ = {isa = PBXFileReference; lastKnownFileType = image.jpeg; path = LionCub2.jpeg; sourceTree = "<group>"; };
		00ED638619E6554D007CBC01 /* Lioness.jpeg */ = {isa = PBXFileReference; lastKnownFileType = image.jpeg; path = Lioness.jpeg; sourceTree = "<group>"; };
		00ED638719E6554D007CBC01 /* MalayanTiger.jpg */ = {isa = PBXFileReference; lastKnownFileType = image.jpeg; path = MalayanTiger.jpg; sourceTree = "<group>"; };
		00ED638819E6554D007CBC01 /* SiberianTiger.jpg */ = {isa = PBXFileReference; lastKnownFileType = image.jpeg; path = SiberianTiger.jpg; sourceTree = "<group>"; };
/* End PBXFileReference section */

/* Begin PBXFrameworksBuildPhase section */
		00ED635619E65178007CBC01 /* Frameworks */ = {
			isa = PBXFrameworksBuildPhase;
			buildActionMask = 2147483647;
			files = (
			);
			runOnlyForDeploymentPostprocessing = 0;
		};
		00ED636B19E65178007CBC01 /* Frameworks */ = {
			isa = PBXFrameworksBuildPhase;
			buildActionMask = 2147483647;
			files = (
			);
			runOnlyForDeploymentPostprocessing = 0;
		};
/* End PBXFrameworksBuildPhase section */

/* Begin PBXGroup section */
		00ED635019E65178007CBC01 = {
			isa = PBXGroup;
			children = (
				00ED635B19E65178007CBC01 /* LionsAndTigers */,
				00ED637119E65178007CBC01 /* LionsAndTigersTests */,
				00ED635A19E65178007CBC01 /* Products */,
			);
			sourceTree = "<group>";
		};
		00ED635A19E65178007CBC01 /* Products */ = {
			isa = PBXGroup;
			children = (
				00ED635919E65178007CBC01 /* LionsAndTigers.app */,
				00ED636E19E65178007CBC01 /* LionsAndTigersTests.xctest */,
			);
			name = Products;
			sourceTree = "<group>";
		};
		00ED635B19E65178007CBC01 /* LionsAndTigers */ = {
			isa = PBXGroup;
			children = (
				00ED635E19E65178007CBC01 /* AppDelegate.swift */,
				00ED636019E65178007CBC01 /* ViewController.swift */,
				00ED636219E65178007CBC01 /* Main.storyboard */,
				00ED637E19E653A8007CBC01 /* Tiger.swift */,
				00ED636519E65178007CBC01 /* Images.xcassets */,
				00ED636719E65178007CBC01 /* LaunchScreen.xib */,
				00ED635C19E65178007CBC01 /* Supporting Files */,
			);
			path = LionsAndTigers;
			sourceTree = "<group>";
		};
		00ED635C19E65178007CBC01 /* Supporting Files */ = {
			isa = PBXGroup;
			children = (
				00ED638019E6554D007CBC01 /* LionsAndTigersAssets */,
				00ED635D19E65178007CBC01 /* Info.plist */,
			);
			name = "Supporting Files";
			sourceTree = "<group>";
		};
		00ED637119E65178007CBC01 /* LionsAndTigersTests */ = {
			isa = PBXGroup;
			children = (
				00ED637419E65178007CBC01 /* LionsAndTigersTests.swift */,
				00ED637219E65178007CBC01 /* Supporting Files */,
			);
			path = LionsAndTigersTests;
			sourceTree = "<group>";
		};
		00ED637219E65178007CBC01 /* Supporting Files */ = {
			isa = PBXGroup;
			children = (
				00ED637319E65178007CBC01 /* Info.plist */,
			);
			name = "Supporting Files";
			sourceTree = "<group>";
		};
		00ED638019E6554D007CBC01 /* LionsAndTigersAssets */ = {
			isa = PBXGroup;
			children = (
				00ED638119E6554D007CBC01 /* BengalTiger.jpg */,
				00ED638219E6554D007CBC01 /* IndochineseTiger.jpg */,
				00ED638319E6554D007CBC01 /* Lion.jpg */,
				00ED638419E6554D007CBC01 /* LionCub1.jpg */,
				00ED638519E6554D007CBC01 /* LionCub2.jpeg */,
				00ED638619E6554D007CBC01 /* Lioness.jpeg */,
				00ED638719E6554D007CBC01 /* MalayanTiger.jpg */,
				00ED638819E6554D007CBC01 /* SiberianTiger.jpg */,
			);
			path = LionsAndTigersAssets;
			sourceTree = "<group>";
		};
/* End PBXGroup section */

/* Begin PBXNativeTarget section */
		00ED635819E65178007CBC01 /* LionsAndTigers */ = {
			isa = PBXNativeTarget;
			buildConfigurationList = 00ED637819E65178007CBC01 /* Build configuration list for PBXNativeTarget "LionsAndTigers" */;
			buildPhases = (
				00ED635519E65178007CBC01 /* Sources */,
				00ED635619E65178007CBC01 /* Frameworks */,
				00ED635719E65178007CBC01 /* Resources */,
			);
			buildRules = (
			);
			dependencies = (
			);
			name = LionsAndTigers;
			productName = LionsAndTigers;
			productReference = 00ED635919E65178007CBC01 /* LionsAndTigers.app */;
			productType = "com.apple.product-type.application";
		};
		00ED636D19E65178007CBC01 /* LionsAndTigersTests */ = {
			isa = PBXNativeTarget;
			buildConfigurationList = 00ED637B19E65178007CBC01 /* Build configuration list for PBXNativeTarget "LionsAndTigersTests" */;
			buildPhases = (
				00ED636A19E65178007CBC01 /* Sources */,
				00ED636B19E65178007CBC01 /* Frameworks */,
				00ED636C19E65178007CBC01 /* Resources */,
			);
			buildRules = (
			);
			dependencies = (
				00ED637019E65178007CBC01 /* PBXTargetDependency */,
			);
			name = LionsAndTigersTests;
			productName = LionsAndTigersTests;
			productReference = 00ED636E19E65178007CBC01 /* LionsAndTigersTests.xctest */;
			productType = "com.apple.product-type.bundle.unit-test";
		};
/* End PBXNativeTarget section */

/* Begin PBXProject section */
		00ED635119E65178007CBC01 /* Project object */ = {
			isa = PBXProject;
			attributes = {
				LastUpgradeCheck = 0600;
				ORGANIZATIONNAME = "Grand Thunder";
				TargetAttributes = {
					00ED635819E65178007CBC01 = {
						CreatedOnToolsVersion = 6.0.1;
					};
					00ED636D19E65178007CBC01 = {
						CreatedOnToolsVersion = 6.0.1;
						TestTargetID = 00ED635819E65178007CBC01;
					};
				};
			};
			buildConfigurationList = 00ED635419E65178007CBC01 /* Build configuration list for PBXProject "LionsAndTigers" */;
			compatibilityVersion = "Xcode 3.2";
			developmentRegion = English;
			hasScannedForEncodings = 0;
			knownRegions = (
				en,
				Base,
			);
			mainGroup = 00ED635019E65178007CBC01;
			productRefGroup = 00ED635A19E65178007CBC01 /* Products */;
			projectDirPath = "";
			projectRoot = "";
			targets = (
				00ED635819E65178007CBC01 /* LionsAndTigers */,
				00ED636D19E65178007CBC01 /* LionsAndTigersTests */,
			);
		};
/* End PBXProject section */

/* Begin PBXResourcesBuildPhase section */
		00ED635719E65178007CBC01 /* Resources */ = {
			isa = PBXResourcesBuildPhase;
			buildActionMask = 2147483647;
			files = (
				00ED638A19E6554D007CBC01 /* IndochineseTiger.jpg in Resources */,
				00ED636419E65178007CBC01 /* Main.storyboard in Resources */,
				00ED636919E65178007CBC01 /* LaunchScreen.xib in Resources */,
				00ED638E19E6554D007CBC01 /* Lioness.jpeg in Resources */,
				00ED638C19E6554D007CBC01 /* LionCub1.jpg in Resources */,
				00ED638F19E6554D007CBC01 /* MalayanTiger.jpg in Resources */,
				00ED639019E6554D007CBC01 /* SiberianTiger.jpg in Resources */,
				00ED638919E6554D007CBC01 /* BengalTiger.jpg in Resources */,
				00ED636619E65178007CBC01 /* Images.xcassets in Resources */,
				00ED638B19E6554D007CBC01 /* Lion.jpg in Resources */,
				00ED638D19E6554D007CBC01 /* LionCub2.jpeg in Resources */,
			);
			runOnlyForDeploymentPostprocessing = 0;
		};
		00ED636C19E65178007CBC01 /* Resources */ = {
			isa = PBXResourcesBuildPhase;
			buildActionMask = 2147483647;
			files = (
			);
			runOnlyForDeploymentPostprocessing = 0;
		};
/* End PBXResourcesBuildPhase section */

/* Begin PBXSourcesBuildPhase section */
		00ED635519E65178007CBC01 /* Sources */ = {
			isa = PBXSourcesBuildPhase;
			buildActionMask = 2147483647;
			files = (
				00ED636119E65178007CBC01 /* ViewController.swift in Sources */,
				00ED637F19E653A8007CBC01 /* Tiger.swift in Sources */,
				00ED635F19E65178007CBC01 /* AppDelegate.swift in Sources */,
			);
			runOnlyForDeploymentPostprocessing = 0;
		};
		00ED636A19E65178007CBC01 /* Sources */ = {
			isa = PBXSourcesBuildPhase;
			buildActionMask = 2147483647;
			files = (
				00ED637519E65178007CBC01 /* LionsAndTigersTests.swift in Sources */,
			);
			runOnlyForDeploymentPostprocessing = 0;
		};
/* End PBXSourcesBuildPhase section */

/* Begin PBXTargetDependency section */
		00ED637019E65178007CBC01 /* PBXTargetDependency */ = {
			isa = PBXTargetDependency;
			target = 00ED635819E65178007CBC01 /* LionsAndTigers */;
			targetProxy = 00ED636F19E65178007CBC01 /* PBXContainerItemProxy */;
		};
/* End PBXTargetDependency section */

/* Begin PBXVariantGroup section */
		00ED636219E65178007CBC01 /* Main.storyboard */ = {
			isa = PBXVariantGroup;
			children = (
				00ED636319E65178007CBC01 /* Base */,
			);
			name = Main.storyboard;
			sourceTree = "<group>";
		};
		00ED636719E65178007CBC01 /* LaunchScreen.xib */ = {
			isa = PBXVariantGroup;
			children = (
				00ED636819E65178007CBC01 /* Base */,
			);
			name = LaunchScreen.xib;
			sourceTree = "<group>";
		};
/* End PBXVariantGroup section */

/* Begin XCBuildConfiguration section */
		00ED637619E65178007CBC01 /* Debug */ = {
			isa = XCBuildConfiguration;
			buildSettings = {
				ALWAYS_SEARCH_USER_PATHS = NO;
				CLANG_CXX_LANGUAGE_STANDARD = "gnu++0x";
				CLANG_CXX_LIBRARY = "libc++";
				CLANG_ENABLE_MODULES = YES;
				CLANG_ENABLE_OBJC_ARC = YES;
				CLANG_WARN_BOOL_CONVERSION = YES;
				CLANG_WARN_CONSTANT_CONVERSION = YES;
				CLANG_WARN_DIRECT_OBJC_ISA_USAGE = YES_ERROR;
				CLANG_WARN_EMPTY_BODY = YES;
				CLANG_WARN_ENUM_CONVERSION = YES;
				CLANG_WARN_INT_CONVERSION = YES;
				CLANG_WARN_OBJC_ROOT_CLASS = YES_ERROR;
				CLANG_WARN_UNREACHABLE_CODE = YES;
				CLANG_WARN__DUPLICATE_METHOD_MATCH = YES;
				"CODE_SIGN_IDENTITY[sdk=iphoneos*]" = "iPhone Developer";
				COPY_PHASE_STRIP = NO;
				ENABLE_STRICT_OBJC_MSGSEND = YES;
				GCC_C_LANGUAGE_STANDARD = gnu99;
				GCC_DYNAMIC_NO_PIC = NO;
				GCC_OPTIMIZATION_LEVEL = 0;
				GCC_PREPROCESSOR_DEFINITIONS = (
					"DEBUG=1",
					"$(inherited)",
				);
				GCC_SYMBOLS_PRIVATE_EXTERN = NO;
				GCC_WARN_64_TO_32_BIT_CONVERSION = YES;
				GCC_WARN_ABOUT_RETURN_TYPE = YES_ERROR;
				GCC_WARN_UNDECLARED_SELECTOR = YES;
				GCC_WARN_UNINITIALIZED_AUTOS = YES_AGGRESSIVE;
				GCC_WARN_UNUSED_FUNCTION = YES;
				GCC_WARN_UNUSED_VARIABLE = YES;
				IPHONEOS_DEPLOYMENT_TARGET = 8.0;
				MTL_ENABLE_DEBUG_INFO = YES;
				ONLY_ACTIVE_ARCH = YES;
				SDKROOT = iphoneos;
				SWIFT_OPTIMIZATION_LEVEL = "-Onone";
				TARGETED_DEVICE_FAMILY = "1,2";
			};
			name = Debug;
		};
		00ED637719E65178007CBC01 /* Release */ = {
			isa = XCBuildConfiguration;
			buildSettings = {
				ALWAYS_SEARCH_USER_PATHS = NO;
				CLANG_CXX_LANGUAGE_STANDARD = "gnu++0x";
				CLANG_CXX_LIBRARY = "libc++";
				CLANG_ENABLE_MODULES = YES;
				CLANG_ENABLE_OBJC_ARC = YES;
				CLANG_WARN_BOOL_CONVERSION = YES;
				CLANG_WARN_CONSTANT_CONVERSION = YES;
				CLANG_WARN_DIRECT_OBJC_ISA_USAGE = YES_ERROR;
				CLANG_WARN_EMPTY_BODY = YES;
				CLANG_WARN_ENUM_CONVERSION = YES;
				CLANG_WARN_INT_CONVERSION = YES;
				CLANG_WARN_OBJC_ROOT_CLASS = YES_ERROR;
				CLANG_WARN_UNREACHABLE_CODE = YES;
				CLANG_WARN__DUPLICATE_METHOD_MATCH = YES;
				"CODE_SIGN_IDENTITY[sdk=iphoneos*]" = "iPhone Developer";
				COPY_PHASE_STRIP = YES;
				ENABLE_NS_ASSERTIONS = NO;
				ENABLE_STRICT_OBJC_MSGSEND = YES;
				GCC_C_LANGUAGE_STANDARD = gnu99;
				GCC_WARN_64_TO_32_BIT_CONVERSION = YES;
				GCC_WARN_ABOUT_RETURN_TYPE = YES_ERROR;
				GCC_WARN_UNDECLARED_SELECTOR = YES;
				GCC_WARN_UNINITIALIZED_AUTOS = YES_AGGRESSIVE;
				GCC_WARN_UNUSED_FUNCTION = YES;
				GCC_WARN_UNUSED_VARIABLE = YES;
				IPHONEOS_DEPLOYMENT_TARGET = 8.0;
				MTL_ENABLE_DEBUG_INFO = NO;
				SDKROOT = iphoneos;
				TARGETED_DEVICE_FAMILY = "1,2";
				VALIDATE_PRODUCT = YES;
			};
			name = Release;
		};
		00ED637919E65178007CBC01 /* Debug */ = {
			isa = XCBuildConfiguration;
			buildSettings = {
				ASSETCATALOG_COMPILER_APPICON_NAME = AppIcon;
				INFOPLIST_FILE = LionsAndTigers/Info.plist;
				LD_RUNPATH_SEARCH_PATHS = "$(inherited) @executable_path/Frameworks";
				PRODUCT_NAME = "$(TARGET_NAME)";
			};
			name = Debug;
		};
		00ED637A19E65178007CBC01 /* Release */ = {
			isa = XCBuildConfiguration;
			buildSettings = {
				ASSETCATALOG_COMPILER_APPICON_NAME = AppIcon;
				INFOPLIST_FILE = LionsAndTigers/Info.plist;
				LD_RUNPATH_SEARCH_PATHS = "$(inherited) @executable_path/Frameworks";
				PRODUCT_NAME = "$(TARGET_NAME)";
			};
			name = Release;
		};
		00ED637C19E65178007CBC01 /* Debug */ = {
			isa = XCBuildConfiguration;
			buildSettings = {
				BUNDLE_LOADER = "$(TEST_HOST)";
				FRAMEWORK_SEARCH_PATHS = (
					"$(SDKROOT)/Developer/Library/Frameworks",
					"$(inherited)",
				);
				GCC_PREPROCESSOR_DEFINITIONS = (
					"DEBUG=1",
					"$(inherited)",
				);
				INFOPLIST_FILE = LionsAndTigersTests/Info.plist;
				LD_RUNPATH_SEARCH_PATHS = "$(inherited) @executable_path/Frameworks @loader_path/Frameworks";
				PRODUCT_NAME = "$(TARGET_NAME)";
				TEST_HOST = "$(BUILT_PRODUCTS_DIR)/LionsAndTigers.app/LionsAndTigers";
			};
			name = Debug;
		};
		00ED637D19E65178007CBC01 /* Release */ = {
			isa = XCBuildConfiguration;
			buildSettings = {
				BUNDLE_LOADER = "$(TEST_HOST)";
				FRAMEWORK_SEARCH_PATHS = (
					"$(SDKROOT)/Developer/Library/Frameworks",
					"$(inherited)",
				);
				INFOPLIST_FILE = LionsAndTigersTests/Info.plist;
				LD_RUNPATH_SEARCH_PATHS = "$(inherited) @executable_path/Frameworks @loader_path/Frameworks";
				PRODUCT_NAME = "$(TARGET_NAME)";
				TEST_HOST = "$(BUILT_PRODUCTS_DIR)/LionsAndTigers.app/LionsAndTigers";
			};
			name = Release;
		};
/* End XCBuildConfiguration section */

/* Begin XCConfigurationList section */
		00ED635419E65178007CBC01 /* Build configuration list for PBXProject "LionsAndTigers" */ = {
			isa = XCConfigurationList;
			buildConfigurations = (
				00ED637619E65178007CBC01 /* Debug */,
				00ED637719E65178007CBC01 /* Release */,
			);
			defaultConfigurationIsVisible = 0;
			defaultConfigurationName = Release;
		};
		00ED637819E65178007CBC01 /* Build configuration list for PBXNativeTarget "LionsAndTigers" */ = {
			isa = XCConfigurationList;
			buildConfigurations = (
				00ED637919E65178007CBC01 /* Debug */,
				00ED637A19E65178007CBC01 /* Release */,
			);
			defaultConfigurationIsVisible = 0;
		};
		00ED637B19E65178007CBC01 /* Build configuration list for PBXNativeTarget "LionsAndTigersTests" */ = {
			isa = XCConfigurationList;
			buildConfigurations = (
				00ED637C19E65178007CBC01 /* Debug */,
				00ED637D19E65178007CBC01 /* Release */,
			);
			defaultConfigurationIsVisible = 0;
		};
/* End XCConfigurationList section */
	};
	rootObject = 00ED635119E65178007CBC01 /* Project object */;
}
